<Solution>
  <Folder Name="/Solution Items/">
    <File Path="ArchitectureDiagram.md" />
  </Folder>
  <Folder Name="/src/">
    <Project Path="TicketMS.Application/TicketMS.Application.csproj" />
    <Project Path="TicketMS.Infrastructure/TicketMS.Infrastructure.csproj" />
    <Project Path="TicketMS.WebAPI/TicketMS.WebAPI.csproj" />
  </Folder>
  <Folder Name="/tests/" />
</Solution>
